<?xml version="1.0" encoding="utf-8"?>
<Project ToolsVersion="4.0" xmlns="http://schemas.microsoft.com/developer/msbuild/2003">
  <ItemGroup>
    <Filter Include="Resource Files">
      <UniqueIdentifier>{D9D6E242-F8AF-46E4-B9FD-80ECBC20BA3E}</UniqueIdentifier>
      <Extensions>qrc;*</Extensions>
      <ParseFiles>false</ParseFiles>
    </Filter>
    <Filter Include="Form Files">
      <UniqueIdentifier>{99349809-55BA-4b9d-BF79-8FDBB0286EB3}</UniqueIdentifier>
      <Extensions>ui</Extensions>
    </Filter>
    <Filter Include="Resource Files">
      <UniqueIdentifier>{D9D6E242-F8AF-46E4-B9FD-80ECBC20BA3E}</UniqueIdentifier>
      <Extensions>qrc;*</Extensions>
      <ParseFiles>false</ParseFiles>
    </Filter>
    <Filter Include="Generated Files">
      <UniqueIdentifier>{71ED8ED8-ACB9-4CE9-BBE1-E00B30144E11}</UniqueIdentifier>
      <Extensions>moc;h;cpp</Extensions>
      <SourceControlFiles>False</SourceControlFiles>
    </Filter>
    <Filter Include="Frames">
      <UniqueIdentifier>{b7c6bc85-ba9e-469a-8089-7a2dcd434a6a}</UniqueIdentifier>
    </Filter>
    <Filter Include="Core">
      <UniqueIdentifier>{5f069453-8aae-45d7-a1d7-ac97a6004b53}</UniqueIdentifier>
    </Filter>
    <Filter Include="Main">
      <UniqueIdentifier>{0fd9c460-dfbc-4b33-94c4-9183b1020b9d}</UniqueIdentifier>
    </Filter>
    <Filter Include="uint Operators">
      <UniqueIdentifier>{c8d65618-5cbf-4431-bf56-260e120a40b1}</UniqueIdentifier>
    </Filter>
    <Filter Include="textbox">
      <UniqueIdentifier>{b4c87a71-c382-466a-8104-92127d59b36f}</UniqueIdentifier>
    </Filter>
    <Filter Include="CRCpp">
      <UniqueIdentifier>{d957b14d-4dc5-4a49-b765-9dc5aa225a4b}</UniqueIdentifier>
    </Filter>
  </ItemGroup>
  <ItemGroup>
    <ClCompile Include="GeneratedFiles\Debug\moc_noWires.cpp">
      <Filter>Generated Files</Filter>
    </ClCompile>
    <ClCompile Include="GeneratedFiles\Release\moc_noWires.cpp">
      <Filter>Generated Files</Filter>
    </ClCompile>
    <ClCompile Include="GeneratedFiles\qrc_noWires.cpp">
      <Filter>Generated Files</Filter>
    </ClCompile>
    <ClCompile Include="noWires.cpp">
      <Filter>Core</Filter>
    </ClCompile>
    <ClCompile Include="main.cpp">
      <Filter>Main</Filter>
    </ClCompile>
    <ClCompile Include="controlFrame.cpp">
      <Filter>Frames</Filter>
    </ClCompile>
    <ClCompile Include="dataFrame.cpp">
      <Filter>Frames</Filter>
    </ClCompile>
    <ClCompile Include="frame.cpp">
      <Filter>Frames</Filter>
    </ClCompile>
    <ClCompile Include="textBox.cpp">
      <Filter>textbox</Filter>
    </ClCompile>
    <ClCompile Include="GeneratedFiles\Debug\moc_textBox.cpp">
      <Filter>Generated Files</Filter>
    </ClCompile>
    <ClCompile Include="GeneratedFiles\Release\moc_textBox.cpp">
      <Filter>Generated Files</Filter>
    </ClCompile>
    <ClCompile Include="uintOperators.cpp">
      <Filter>uint Operators</Filter>
    </ClCompile>
  </ItemGroup>
  <ItemGroup>
    <CustomBuild Include="noWires.ui">
      <Filter>Form Files</Filter>
    </CustomBuild>
    <CustomBuild Include="noWires.qrc">
      <Filter>Resource Files</Filter>
    </CustomBuild>
    <CustomBuild Include="noWires.h">
      <Filter>Core</Filter>
    </CustomBuild>
    <CustomBuild Include="textBox.h">
      <Filter>textbox</Filter>
    </CustomBuild>
  </ItemGroup>
  <ItemGroup>
    <ClInclude Include="GeneratedFiles\ui_noWires.h">
      <Filter>Generated Files</Filter>
    </ClInclude>
    <ClInclude Include="frame.h">
      <Filter>Frames</Filter>
    </ClInclude>
    <ClInclude Include="controlFrame.h">
      <Filter>Frames</Filter>
    </ClInclude>
    <ClInclude Include="dataFrame.h">
      <Filter>Frames</Filter>
    </ClInclude>
    <ClInclude Include="uintOperators.h">
      <Filter>uint Operators</Filter>
    </ClInclude>
    <ClInclude Include="CRCpp.h">
      <Filter>CRCpp</Filter>
    </ClInclude>
  </ItemGroup>
</Project>